// !$*UTF8*$!
{
	archiveVersion = 1;
	classes = {
	};
	objectVersion = 46;
	objects = {

/* Begin PBXBuildFile section */
		3BC6FC0F5312CCF059545958 /* libPods.a in Frameworks */ = {isa = PBXBuildFile; fileRef = EC28EB7736237EA5702BD7FB /* libPods.a */; };
		EB4BDFD41A79B34700C56F6B /* main.m in Sources */ = {isa = PBXBuildFile; fileRef = EB4BDFD31A79B34700C56F6B /* main.m */; };
		EB4BDFD71A79B34700C56F6B /* AppDelegate.m in Sources */ = {isa = PBXBuildFile; fileRef = EB4BDFD61A79B34700C56F6B /* AppDelegate.m */; };
		EB4BDFDA1A79B34700C56F6B /* KickboxingCombinations.xcdatamodeld in Sources */ = {isa = PBXBuildFile; fileRef = EB4BDFD81A79B34700C56F6B /* KickboxingCombinations.xcdatamodeld */; };
		EB4BDFE01A79B34700C56F6B /* Main.storyboard in Resources */ = {isa = PBXBuildFile; fileRef = EB4BDFDE1A79B34700C56F6B /* Main.storyboard */; };
		EB4BDFE21A79B34700C56F6B /* Images.xcassets in Resources */ = {isa = PBXBuildFile; fileRef = EB4BDFE11A79B34700C56F6B /* Images.xcassets */; };
		EB4BDFE51A79B34700C56F6B /* LaunchScreen.xib in Resources */ = {isa = PBXBuildFile; fileRef = EB4BDFE31A79B34700C56F6B /* LaunchScreen.xib */; };
		EB94D1A61A79B88900774138 /* SetupViewController.m in Sources */ = {isa = PBXBuildFile; fileRef = EB94D1A51A79B88900774138 /* SetupViewController.m */; };
		EB94D1A91A79B89A00774138 /* SetupViewModel.m in Sources */ = {isa = PBXBuildFile; fileRef = EB94D1A81A79B89A00774138 /* SetupViewModel.m */; };
		EB94D1AC1A79B8CE00774138 /* SetupFeatureTests.m in Sources */ = {isa = PBXBuildFile; fileRef = EB94D1AB1A79B8CE00774138 /* SetupFeatureTests.m */; };
		EB94D1AF1A79BB0900774138 /* Workout.m in Sources */ = {isa = PBXBuildFile; fileRef = EB94D1AE1A79BB0900774138 /* Workout.m */; };
		EBABEB141A801FEC0049BA93 /* Helper.m in Sources */ = {isa = PBXBuildFile; fileRef = EBABEB131A801FEC0049BA93 /* Helper.m */; };
		EBABEB161A8020140049BA93 /* HelperTests.m in Sources */ = {isa = PBXBuildFile; fileRef = EBABEB151A8020140049BA93 /* HelperTests.m */; };
		EBDFA78F1A7AFC5300905488 /* TimerViewController.m in Sources */ = {isa = PBXBuildFile; fileRef = EBDFA78E1A7AFC5300905488 /* TimerViewController.m */; };
		EBDFA7921A7AFC6200905488 /* TimerViewModel.m in Sources */ = {isa = PBXBuildFile; fileRef = EBDFA7911A7AFC6200905488 /* TimerViewModel.m */; };
		EBDFA7941A7AFC7600905488 /* TimerFeatureTests.m in Sources */ = {isa = PBXBuildFile; fileRef = EBDFA7931A7AFC7600905488 /* TimerFeatureTests.m */; };
/* End PBXBuildFile section */

/* Begin PBXContainerItemProxy section */
		EB4BDFEB1A79B34700C56F6B /* PBXContainerItemProxy */ = {
			isa = PBXContainerItemProxy;
			containerPortal = EB4BDFC61A79B34700C56F6B /* Project object */;
			proxyType = 1;
			remoteGlobalIDString = EB4BDFCD1A79B34700C56F6B;
			remoteInfo = KickboxingCombinations;
		};
/* End PBXContainerItemProxy section */

/* Begin PBXFileReference section */
		0439385E3D562D79ED88AA0E /* Pods.release.xcconfig */ = {isa = PBXFileReference; includeInIndex = 1; lastKnownFileType = text.xcconfig; name = Pods.release.xcconfig; path = "Pods/Target Support Files/Pods/Pods.release.xcconfig"; sourceTree = "<group>"; };
		6CFB3815D096D9FE6DA3CC1A /* Pods.debug.xcconfig */ = {isa = PBXFileReference; includeInIndex = 1; lastKnownFileType = text.xcconfig; name = Pods.debug.xcconfig; path = "Pods/Target Support Files/Pods/Pods.debug.xcconfig"; sourceTree = "<group>"; };
		EB4BDFCE1A79B34700C56F6B /* KickboxingCombinations.app */ = {isa = PBXFileReference; explicitFileType = wrapper.application; includeInIndex = 0; path = KickboxingCombinations.app; sourceTree = BUILT_PRODUCTS_DIR; };
		EB4BDFD21A79B34700C56F6B /* Info.plist */ = {isa = PBXFileReference; lastKnownFileType = text.plist.xml; path = Info.plist; sourceTree = "<group>"; };
		EB4BDFD31A79B34700C56F6B /* main.m */ = {isa = PBXFileReference; lastKnownFileType = sourcecode.c.objc; path = main.m; sourceTree = "<group>"; };
		EB4BDFD51A79B34700C56F6B /* AppDelegate.h */ = {isa = PBXFileReference; lastKnownFileType = sourcecode.c.h; path = AppDelegate.h; sourceTree = "<group>"; };
		EB4BDFD61A79B34700C56F6B /* AppDelegate.m */ = {isa = PBXFileReference; lastKnownFileType = sourcecode.c.objc; path = AppDelegate.m; sourceTree = "<group>"; };
		EB4BDFD91A79B34700C56F6B /* KickboxingCombinations.xcdatamodel */ = {isa = PBXFileReference; lastKnownFileType = wrapper.xcdatamodel; path = KickboxingCombinations.xcdatamodel; sourceTree = "<group>"; };
		EB4BDFDF1A79B34700C56F6B /* Base */ = {isa = PBXFileReference; lastKnownFileType = file.storyboard; name = Base; path = Base.lproj/Main.storyboard; sourceTree = "<group>"; };
		EB4BDFE11A79B34700C56F6B /* Images.xcassets */ = {isa = PBXFileReference; lastKnownFileType = folder.assetcatalog; path = Images.xcassets; sourceTree = "<group>"; };
		EB4BDFE41A79B34700C56F6B /* Base */ = {isa = PBXFileReference; lastKnownFileType = file.xib; name = Base; path = Base.lproj/LaunchScreen.xib; sourceTree = "<group>"; };
		EB4BDFEA1A79B34700C56F6B /* KickboxingCombinationsTests.xctest */ = {isa = PBXFileReference; explicitFileType = wrapper.cfbundle; includeInIndex = 0; path = KickboxingCombinationsTests.xctest; sourceTree = BUILT_PRODUCTS_DIR; };
		EB4BDFEF1A79B34700C56F6B /* Info.plist */ = {isa = PBXFileReference; lastKnownFileType = text.plist.xml; path = Info.plist; sourceTree = "<group>"; };
		EB94D1A41A79B88900774138 /* SetupViewController.h */ = {isa = PBXFileReference; fileEncoding = 4; lastKnownFileType = sourcecode.c.h; path = SetupViewController.h; sourceTree = "<group>"; };
		EB94D1A51A79B88900774138 /* SetupViewController.m */ = {isa = PBXFileReference; fileEncoding = 4; lastKnownFileType = sourcecode.c.objc; path = SetupViewController.m; sourceTree = "<group>"; };
		EB94D1A71A79B89A00774138 /* SetupViewModel.h */ = {isa = PBXFileReference; fileEncoding = 4; lastKnownFileType = sourcecode.c.h; path = SetupViewModel.h; sourceTree = "<group>"; };
		EB94D1A81A79B89A00774138 /* SetupViewModel.m */ = {isa = PBXFileReference; fileEncoding = 4; lastKnownFileType = sourcecode.c.objc; path = SetupViewModel.m; sourceTree = "<group>"; };
		EB94D1AB1A79B8CE00774138 /* SetupFeatureTests.m */ = {isa = PBXFileReference; fileEncoding = 4; lastKnownFileType = sourcecode.c.objc; path = SetupFeatureTests.m; sourceTree = "<group>"; };
		EB94D1AD1A79BB0900774138 /* Workout.h */ = {isa = PBXFileReference; fileEncoding = 4; lastKnownFileType = sourcecode.c.h; path = Workout.h; sourceTree = "<group>"; };
		EB94D1AE1A79BB0900774138 /* Workout.m */ = {isa = PBXFileReference; fileEncoding = 4; lastKnownFileType = sourcecode.c.objc; path = Workout.m; sourceTree = "<group>"; };
		EBABEB121A801FEC0049BA93 /* Helper.h */ = {isa = PBXFileReference; fileEncoding = 4; lastKnownFileType = sourcecode.c.h; path = Helper.h; sourceTree = "<group>"; };
		EBABEB131A801FEC0049BA93 /* Helper.m */ = {isa = PBXFileReference; fileEncoding = 4; lastKnownFileType = sourcecode.c.objc; path = Helper.m; sourceTree = "<group>"; };
		EBABEB151A8020140049BA93 /* HelperTests.m */ = {isa = PBXFileReference; fileEncoding = 4; lastKnownFileType = sourcecode.c.objc; path = HelperTests.m; sourceTree = "<group>"; };
		EBDFA78D1A7AFC5200905488 /* TimerViewController.h */ = {isa = PBXFileReference; fileEncoding = 4; lastKnownFileType = sourcecode.c.h; path = TimerViewController.h; sourceTree = "<group>"; };
		EBDFA78E1A7AFC5300905488 /* TimerViewController.m */ = {isa = PBXFileReference; fileEncoding = 4; lastKnownFileType = sourcecode.c.objc; path = TimerViewController.m; sourceTree = "<group>"; };
		EBDFA7901A7AFC6200905488 /* TimerViewModel.h */ = {isa = PBXFileReference; fileEncoding = 4; lastKnownFileType = sourcecode.c.h; path = TimerViewModel.h; sourceTree = "<group>"; };
		EBDFA7911A7AFC6200905488 /* TimerViewModel.m */ = {isa = PBXFileReference; fileEncoding = 4; lastKnownFileType = sourcecode.c.objc; path = TimerViewModel.m; sourceTree = "<group>"; };
		EBDFA7931A7AFC7600905488 /* TimerFeatureTests.m */ = {isa = PBXFileReference; fileEncoding = 4; lastKnownFileType = sourcecode.c.objc; path = TimerFeatureTests.m; sourceTree = "<group>"; };
		EC28EB7736237EA5702BD7FB /* libPods.a */ = {isa = PBXFileReference; explicitFileType = archive.ar; includeInIndex = 0; path = libPods.a; sourceTree = BUILT_PRODUCTS_DIR; };
/* End PBXFileReference section */

/* Begin PBXFrameworksBuildPhase section */
		EB4BDFCB1A79B34700C56F6B /* Frameworks */ = {
			isa = PBXFrameworksBuildPhase;
			buildActionMask = 2147483647;
			files = (
				3BC6FC0F5312CCF059545958 /* libPods.a in Frameworks */,
			);
			runOnlyForDeploymentPostprocessing = 0;
		};
		EB4BDFE71A79B34700C56F6B /* Frameworks */ = {
			isa = PBXFrameworksBuildPhase;
			buildActionMask = 2147483647;
			files = (
			);
			runOnlyForDeploymentPostprocessing = 0;
		};
/* End PBXFrameworksBuildPhase section */

/* Begin PBXGroup section */
		9632C34545D96678694F484F /* Frameworks */ = {
			isa = PBXGroup;
			children = (
				EC28EB7736237EA5702BD7FB /* libPods.a */,
			);
			name = Frameworks;
			sourceTree = "<group>";
		};
		964BEA9FE5FE5231CB317C94 /* Pods */ = {
			isa = PBXGroup;
			children = (
				6CFB3815D096D9FE6DA3CC1A /* Pods.debug.xcconfig */,
				0439385E3D562D79ED88AA0E /* Pods.release.xcconfig */,
			);
			name = Pods;
			sourceTree = "<group>";
		};
		EB4BDFC51A79B34700C56F6B = {
			isa = PBXGroup;
			children = (
				EB4BDFD01A79B34700C56F6B /* KickboxingCombinations */,
				EB4BDFED1A79B34700C56F6B /* KickboxingCombinationsTests */,
				EB4BDFCF1A79B34700C56F6B /* Products */,
				964BEA9FE5FE5231CB317C94 /* Pods */,
				9632C34545D96678694F484F /* Frameworks */,
			);
			sourceTree = "<group>";
		};
		EB4BDFCF1A79B34700C56F6B /* Products */ = {
			isa = PBXGroup;
			children = (
				EB4BDFCE1A79B34700C56F6B /* KickboxingCombinations.app */,
				EB4BDFEA1A79B34700C56F6B /* KickboxingCombinationsTests.xctest */,
			);
			name = Products;
			sourceTree = "<group>";
		};
		EB4BDFD01A79B34700C56F6B /* KickboxingCombinations */ = {
			isa = PBXGroup;
			children = (
				EBABEB111A801FAF0049BA93 /* Helper */,
				EB94D1AA1A79B8A800774138 /* Model */,
				EB94D1A31A79B86800774138 /* SetupFeature */,
				EBDFA78C1A7AFC2B00905488 /* TimerFeature */,
				EB4BDFD51A79B34700C56F6B /* AppDelegate.h */,
				EB4BDFD61A79B34700C56F6B /* AppDelegate.m */,
				EB4BDFDE1A79B34700C56F6B /* Main.storyboard */,
				EB4BDFE11A79B34700C56F6B /* Images.xcassets */,
				EB4BDFE31A79B34700C56F6B /* LaunchScreen.xib */,
				EB4BDFD81A79B34700C56F6B /* KickboxingCombinations.xcdatamodeld */,
				EB4BDFD11A79B34700C56F6B /* Supporting Files */,
			);
			path = KickboxingCombinations;
			sourceTree = "<group>";
		};
		EB4BDFD11A79B34700C56F6B /* Supporting Files */ = {
			isa = PBXGroup;
			children = (
				EB4BDFD21A79B34700C56F6B /* Info.plist */,
				EB4BDFD31A79B34700C56F6B /* main.m */,
			);
			name = "Supporting Files";
			sourceTree = "<group>";
		};
		EB4BDFED1A79B34700C56F6B /* KickboxingCombinationsTests */ = {
			isa = PBXGroup;
			children = (
				EB4BDFEE1A79B34700C56F6B /* Supporting Files */,
				EB94D1AB1A79B8CE00774138 /* SetupFeatureTests.m */,
				EBDFA7931A7AFC7600905488 /* TimerFeatureTests.m */,
				EBABEB151A8020140049BA93 /* HelperTests.m */,
			);
			path = KickboxingCombinationsTests;
			sourceTree = "<group>";
		};
		EB4BDFEE1A79B34700C56F6B /* Supporting Files */ = {
			isa = PBXGroup;
			children = (
				EB4BDFEF1A79B34700C56F6B /* Info.plist */,
			);
			name = "Supporting Files";
			sourceTree = "<group>";
		};
		EB94D1A31A79B86800774138 /* SetupFeature */ = {
			isa = PBXGroup;
			children = (
				EB94D1A41A79B88900774138 /* SetupViewController.h */,
				EB94D1A51A79B88900774138 /* SetupViewController.m */,
				EB94D1A71A79B89A00774138 /* SetupViewModel.h */,
				EB94D1A81A79B89A00774138 /* SetupViewModel.m */,
			);
			name = SetupFeature;
			sourceTree = "<group>";
		};
		EB94D1AA1A79B8A800774138 /* Model */ = {
			isa = PBXGroup;
			children = (
				EB94D1AD1A79BB0900774138 /* Workout.h */,
				EB94D1AE1A79BB0900774138 /* Workout.m */,
			);
			name = Model;
			sourceTree = "<group>";
		};
		EBABEB111A801FAF0049BA93 /* Helper */ = {
			isa = PBXGroup;
			children = (
				EBABEB121A801FEC0049BA93 /* Helper.h */,
				EBABEB131A801FEC0049BA93 /* Helper.m */,
			);
			name = Helper;
			sourceTree = "<group>";
		};
		EBDFA78C1A7AFC2B00905488 /* TimerFeature */ = {
			isa = PBXGroup;
			children = (
				EBDFA78D1A7AFC5200905488 /* TimerViewController.h */,
				EBDFA78E1A7AFC5300905488 /* TimerViewController.m */,
				EBDFA7901A7AFC6200905488 /* TimerViewModel.h */,
				EBDFA7911A7AFC6200905488 /* TimerViewModel.m */,
			);
			name = TimerFeature;
			sourceTree = "<group>";
		};
/* End PBXGroup section */

/* Begin PBXNativeTarget section */
		EB4BDFCD1A79B34700C56F6B /* KickboxingCombinations */ = {
			isa = PBXNativeTarget;
			buildConfigurationList = EB4BDFF41A79B34700C56F6B /* Build configuration list for PBXNativeTarget "KickboxingCombinations" */;
			buildPhases = (
				9CB836250225FD876D2EFFB4 /* Check Pods Manifest.lock */,
				EB4BDFCA1A79B34700C56F6B /* Sources */,
				EB4BDFCB1A79B34700C56F6B /* Frameworks */,
				EB4BDFCC1A79B34700C56F6B /* Resources */,
				7BD18514EF3C5060BCDCFB27 /* Copy Pods Resources */,
			);
			buildRules = (
			);
			dependencies = (
			);
			name = KickboxingCombinations;
			productName = KickboxingCombinations;
			productReference = EB4BDFCE1A79B34700C56F6B /* KickboxingCombinations.app */;
			productType = "com.apple.product-type.application";
		};
		EB4BDFE91A79B34700C56F6B /* KickboxingCombinationsTests */ = {
			isa = PBXNativeTarget;
			buildConfigurationList = EB4BDFF71A79B34700C56F6B /* Build configuration list for PBXNativeTarget "KickboxingCombinationsTests" */;
			buildPhases = (
				EB4BDFE61A79B34700C56F6B /* Sources */,
				EB4BDFE71A79B34700C56F6B /* Frameworks */,
				EB4BDFE81A79B34700C56F6B /* Resources */,
			);
			buildRules = (
			);
			dependencies = (
				EB4BDFEC1A79B34700C56F6B /* PBXTargetDependency */,
			);
			name = KickboxingCombinationsTests;
			productName = KickboxingCombinationsTests;
			productReference = EB4BDFEA1A79B34700C56F6B /* KickboxingCombinationsTests.xctest */;
			productType = "com.apple.product-type.bundle.unit-test";
		};
/* End PBXNativeTarget section */

/* Begin PBXProject section */
		EB4BDFC61A79B34700C56F6B /* Project object */ = {
			isa = PBXProject;
			attributes = {
				LastUpgradeCheck = 0610;
				ORGANIZATIONNAME = VincentLee;
				TargetAttributes = {
					EB4BDFCD1A79B34700C56F6B = {
						CreatedOnToolsVersion = 6.1.1;
					};
					EB4BDFE91A79B34700C56F6B = {
						CreatedOnToolsVersion = 6.1.1;
						TestTargetID = EB4BDFCD1A79B34700C56F6B;
					};
				};
			};
			buildConfigurationList = EB4BDFC91A79B34700C56F6B /* Build configuration list for PBXProject "KickboxingCombinations" */;
			compatibilityVersion = "Xcode 3.2";
			developmentRegion = English;
			hasScannedForEncodings = 0;
			knownRegions = (
				en,
				Base,
			);
			mainGroup = EB4BDFC51A79B34700C56F6B;
			productRefGroup = EB4BDFCF1A79B34700C56F6B /* Products */;
			projectDirPath = "";
			projectRoot = "";
			targets = (
				EB4BDFCD1A79B34700C56F6B /* KickboxingCombinations */,
				EB4BDFE91A79B34700C56F6B /* KickboxingCombinationsTests */,
			);
		};
/* End PBXProject section */

/* Begin PBXResourcesBuildPhase section */
		EB4BDFCC1A79B34700C56F6B /* Resources */ = {
			isa = PBXResourcesBuildPhase;
			buildActionMask = 2147483647;
			files = (
				EB4BDFE01A79B34700C56F6B /* Main.storyboard in Resources */,
				EB4BDFE51A79B34700C56F6B /* LaunchScreen.xib in Resources */,
				EB4BDFE21A79B34700C56F6B /* Images.xcassets in Resources */,
			);
			runOnlyForDeploymentPostprocessing = 0;
		};
		EB4BDFE81A79B34700C56F6B /* Resources */ = {
			isa = PBXResourcesBuildPhase;
			buildActionMask = 2147483647;
			files = (
			);
			runOnlyForDeploymentPostprocessing = 0;
		};
/* End PBXResourcesBuildPhase section */

/* Begin PBXShellScriptBuildPhase section */
		7BD18514EF3C5060BCDCFB27 /* Copy Pods Resources */ = {
			isa = PBXShellScriptBuildPhase;
			buildActionMask = 2147483647;
			files = (
			);
			inputPaths = (
			);
			name = "Copy Pods Resources";
			outputPaths = (
			);
			runOnlyForDeploymentPostprocessing = 0;
			shellPath = /bin/sh;
			shellScript = "\"${SRCROOT}/Pods/Target Support Files/Pods/Pods-resources.sh\"\n";
			showEnvVarsInLog = 0;
		};
		9CB836250225FD876D2EFFB4 /* Check Pods Manifest.lock */ = {
			isa = PBXShellScriptBuildPhase;
			buildActionMask = 2147483647;
			files = (
			);
			inputPaths = (
			);
			name = "Check Pods Manifest.lock";
			outputPaths = (
			);
			runOnlyForDeploymentPostprocessing = 0;
			shellPath = /bin/sh;
			shellScript = "diff \"${PODS_ROOT}/../Podfile.lock\" \"${PODS_ROOT}/Manifest.lock\" > /dev/null\nif [[ $? != 0 ]] ; then\n    cat << EOM\nerror: The sandbox is not in sync with the Podfile.lock. Run 'pod install' or update your CocoaPods installation.\nEOM\n    exit 1\nfi\n";
			showEnvVarsInLog = 0;
		};
/* End PBXShellScriptBuildPhase section */

/* Begin PBXSourcesBuildPhase section */
		EB4BDFCA1A79B34700C56F6B /* Sources */ = {
			isa = PBXSourcesBuildPhase;
			buildActionMask = 2147483647;
			files = (
				EBDFA7921A7AFC6200905488 /* TimerViewModel.m in Sources */,
				EB94D1A91A79B89A00774138 /* SetupViewModel.m in Sources */,
				EB94D1A61A79B88900774138 /* SetupViewController.m in Sources */,
				EBDFA78F1A7AFC5300905488 /* TimerViewController.m in Sources */,
				EB4BDFD71A79B34700C56F6B /* AppDelegate.m in Sources */,
				EB4BDFD41A79B34700C56F6B /* main.m in Sources */,
				EB4BDFDA1A79B34700C56F6B /* KickboxingCombinations.xcdatamodeld in Sources */,
				EBABEB141A801FEC0049BA93 /* Helper.m in Sources */,
				EB94D1AF1A79BB0900774138 /* Workout.m in Sources */,
			);
			runOnlyForDeploymentPostprocessing = 0;
		};
		EB4BDFE61A79B34700C56F6B /* Sources */ = {
			isa = PBXSourcesBuildPhase;
			buildActionMask = 2147483647;
			files = (
				EBDFA7941A7AFC7600905488 /* TimerFeatureTests.m in Sources */,
				EBABEB161A8020140049BA93 /* HelperTests.m in Sources */,
				EB94D1AC1A79B8CE00774138 /* SetupFeatureTests.m in Sources */,
			);
			runOnlyForDeploymentPostprocessing = 0;
		};
/* End PBXSourcesBuildPhase section */

/* Begin PBXTargetDependency section */
		EB4BDFEC1A79B34700C56F6B /* PBXTargetDependency */ = {
			isa = PBXTargetDependency;
			target = EB4BDFCD1A79B34700C56F6B /* KickboxingCombinations */;
			targetProxy = EB4BDFEB1A79B34700C56F6B /* PBXContainerItemProxy */;
		};
/* End PBXTargetDependency section */

/* Begin PBXVariantGroup section */
		EB4BDFDE1A79B34700C56F6B /* Main.storyboard */ = {
			isa = PBXVariantGroup;
			children = (
				EB4BDFDF1A79B34700C56F6B /* Base */,
			);
			name = Main.storyboard;
			sourceTree = "<group>";
		};
		EB4BDFE31A79B34700C56F6B /* LaunchScreen.xib */ = {
			isa = PBXVariantGroup;
			children = (
				EB4BDFE41A79B34700C56F6B /* Base */,
			);
			name = LaunchScreen.xib;
			sourceTree = "<group>";
		};
/* End PBXVariantGroup section */

/* Begin XCBuildConfiguration section */
		EB4BDFF21A79B34700C56F6B /* Debug */ = {
			isa = XCBuildConfiguration;
			buildSettings = {
				ALWAYS_SEARCH_USER_PATHS = NO;
				CLANG_CXX_LANGUAGE_STANDARD = "gnu++0x";
				CLANG_CXX_LIBRARY = "libc++";
				CLANG_ENABLE_MODULES = YES;
				CLANG_ENABLE_OBJC_ARC = YES;
				CLANG_WARN_BOOL_CONVERSION = YES;
				CLANG_WARN_CONSTANT_CONVERSION = YES;
				CLANG_WARN_DIRECT_OBJC_ISA_USAGE = YES_ERROR;
				CLANG_WARN_EMPTY_BODY = YES;
				CLANG_WARN_ENUM_CONVERSION = YES;
				CLANG_WARN_INT_CONVERSION = YES;
				CLANG_WARN_OBJC_ROOT_CLASS = YES_ERROR;
				CLANG_WARN_UNREACHABLE_CODE = YES;
				CLANG_WARN__DUPLICATE_METHOD_MATCH = YES;
				"CODE_SIGN_IDENTITY[sdk=iphoneos*]" = "iPhone Developer";
				COPY_PHASE_STRIP = NO;
				ENABLE_STRICT_OBJC_MSGSEND = YES;
				GCC_C_LANGUAGE_STANDARD = gnu99;
				GCC_DYNAMIC_NO_PIC = NO;
				GCC_OPTIMIZATION_LEVEL = 0;
				GCC_PREPROCESSOR_DEFINITIONS = (
					"DEBUG=1",
					"$(inherited)",
				);
				GCC_SYMBOLS_PRIVATE_EXTERN = NO;
				GCC_WARN_64_TO_32_BIT_CONVERSION = YES;
				GCC_WARN_ABOUT_RETURN_TYPE = YES_ERROR;
				GCC_WARN_UNDECLARED_SELECTOR = YES;
				GCC_WARN_UNINITIALIZED_AUTOS = YES_AGGRESSIVE;
				GCC_WARN_UNUSED_FUNCTION = YES;
				GCC_WARN_UNUSED_VARIABLE = YES;
				IPHONEOS_DEPLOYMENT_TARGET = 8.1;
				MTL_ENABLE_DEBUG_INFO = YES;
				ONLY_ACTIVE_ARCH = YES;
				SDKROOT = iphoneos;
				TARGETED_DEVICE_FAMILY = "1,2";
			};
			name = Debug;
		};
		EB4BDFF31A79B34700C56F6B /* Release */ = {
			isa = XCBuildConfiguration;
			buildSettings = {
				ALWAYS_SEARCH_USER_PATHS = NO;
				CLANG_CXX_LANGUAGE_STANDARD = "gnu++0x";
				CLANG_CXX_LIBRARY = "libc++";
				CLANG_ENABLE_MODULES = YES;
				CLANG_ENABLE_OBJC_ARC = YES;
				CLANG_WARN_BOOL_CONVERSION = YES;
				CLANG_WARN_CONSTANT_CONVERSION = YES;
				CLANG_WARN_DIRECT_OBJC_ISA_USAGE = YES_ERROR;
				CLANG_WARN_EMPTY_BODY = YES;
				CLANG_WARN_ENUM_CONVERSION = YES;
				CLANG_WARN_INT_CONVERSION = YES;
				CLANG_WARN_OBJC_ROOT_CLASS = YES_ERROR;
				CLANG_WARN_UNREACHABLE_CODE = YES;
				CLANG_WARN__DUPLICATE_METHOD_MATCH = YES;
				"CODE_SIGN_IDENTITY[sdk=iphoneos*]" = "iPhone Developer";
				COPY_PHASE_STRIP = YES;
				ENABLE_NS_ASSERTIONS = NO;
				ENABLE_STRICT_OBJC_MSGSEND = YES;
				GCC_C_LANGUAGE_STANDARD = gnu99;
				GCC_WARN_64_TO_32_BIT_CONVERSION = YES;
				GCC_WARN_ABOUT_RETURN_TYPE = YES_ERROR;
				GCC_WARN_UNDECLARED_SELECTOR = YES;
				GCC_WARN_UNINITIALIZED_AUTOS = YES_AGGRESSIVE;
				GCC_WARN_UNUSED_FUNCTION = YES;
				GCC_WARN_UNUSED_VARIABLE = YES;
				IPHONEOS_DEPLOYMENT_TARGET = 8.1;
				MTL_ENABLE_DEBUG_INFO = NO;
				SDKROOT = iphoneos;
				TARGETED_DEVICE_FAMILY = "1,2";
				VALIDATE_PRODUCT = YES;
			};
			name = Release;
		};
		EB4BDFF51A79B34700C56F6B /* Debug */ = {
			isa = XCBuildConfiguration;
			baseConfigurationReference = 6CFB3815D096D9FE6DA3CC1A /* Pods.debug.xcconfig */;
			buildSettings = {
				ASSETCATALOG_COMPILER_APPICON_NAME = AppIcon;
				CLANG_WARN_OBJC_IMPLICIT_RETAIN_SELF = YES;
				INFOPLIST_FILE = KickboxingCombinations/Info.plist;
				LD_RUNPATH_SEARCH_PATHS = "$(inherited) @executable_path/Frameworks";
				PRODUCT_NAME = "$(TARGET_NAME)";
			};
			name = Debug;
		};
		EB4BDFF61A79B34700C56F6B /* Release */ = {
			isa = XCBuildConfiguration;
			baseConfigurationReference = 0439385E3D562D79ED88AA0E /* Pods.release.xcconfig */;
			buildSettings = {
				ASSETCATALOG_COMPILER_APPICON_NAME = AppIcon;
				CLANG_WARN_OBJC_IMPLICIT_RETAIN_SELF = YES;
				INFOPLIST_FILE = KickboxingCombinations/Info.plist;
				LD_RUNPATH_SEARCH_PATHS = "$(inherited) @executable_path/Frameworks";
				PRODUCT_NAME = "$(TARGET_NAME)";
			};
			name = Release;
		};
		EB4BDFF81A79B34700C56F6B /* Debug */ = {
			isa = XCBuildConfiguration;
			baseConfigurationReference = 6CFB3815D096D9FE6DA3CC1A /* Pods.debug.xcconfig */;
			buildSettings = {
				BUNDLE_LOADER = "$(TEST_HOST)";
				FRAMEWORK_SEARCH_PATHS = (
					"$(SDKROOT)/Developer/Library/Frameworks",
					"$(inherited)",
				);
				GCC_PREPROCESSOR_DEFINITIONS = (
					"DEBUG=1",
					"$(inherited)",
				);
				INFOPLIST_FILE = KickboxingCombinationsTests/Info.plist;
				LD_RUNPATH_SEARCH_PATHS = "$(inherited) @executable_path/Frameworks @loader_path/Frameworks";
				PRODUCT_NAME = "$(TARGET_NAME)";
				TEST_HOST = "$(BUILT_PRODUCTS_DIR)/KickboxingCombinations.app/KickboxingCombinations";
			};
			name = Debug;
		};
		EB4BDFF91A79B34700C56F6B /* Release */ = {
			isa = XCBuildConfiguration;
			buildSettings = {
				BUNDLE_LOADER = "$(TEST_HOST)";
				FRAMEWORK_SEARCH_PATHS = (
					"$(SDKROOT)/Developer/Library/Frameworks",
					"$(inherited)",
				);
				INFOPLIST_FILE = KickboxingCombinationsTests/Info.plist;
				LD_RUNPATH_SEARCH_PATHS = "$(inherited) @executable_path/Frameworks @loader_path/Frameworks";
				PRODUCT_NAME = "$(TARGET_NAME)";
				TEST_HOST = "$(BUILT_PRODUCTS_DIR)/KickboxingCombinations.app/KickboxingCombinations";
			};
			name = Release;
		};
/* End XCBuildConfiguration section */

/* Begin XCConfigurationList section */
		EB4BDFC91A79B34700C56F6B /* Build configuration list for PBXProject "KickboxingCombinations" */ = {
			isa = XCConfigurationList;
			buildConfigurations = (
				EB4BDFF21A79B34700C56F6B /* Debug */,
				EB4BDFF31A79B34700C56F6B /* Release */,
			);
			defaultConfigurationIsVisible = 0;
			defaultConfigurationName = Release;
		};
		EB4BDFF41A79B34700C56F6B /* Build configuration list for PBXNativeTarget "KickboxingCombinations" */ = {
			isa = XCConfigurationList;
			buildConfigurations = (
				EB4BDFF51A79B34700C56F6B /* Debug */,
				EB4BDFF61A79B34700C56F6B /* Release */,
			);
			defaultConfigurationIsVisible = 0;
			defaultConfigurationName = Release;
		};
		EB4BDFF71A79B34700C56F6B /* Build configuration list for PBXNativeTarget "KickboxingCombinationsTests" */ = {
			isa = XCConfigurationList;
			buildConfigurations = (
				EB4BDFF81A79B34700C56F6B /* Debug */,
				EB4BDFF91A79B34700C56F6B /* Release */,
			);
			defaultConfigurationIsVisible = 0;
			defaultConfigurationName = Release;
		};
/* End XCConfigurationList section */

/* Begin XCVersionGroup section */
		EB4BDFD81A79B34700C56F6B /* KickboxingCombinations.xcdatamodeld */ = {
			isa = XCVersionGroup;
			children = (
				EB4BDFD91A79B34700C56F6B /* KickboxingCombinations.xcdatamodel */,
			);
			currentVersion = EB4BDFD91A79B34700C56F6B /* KickboxingCombinations.xcdatamodel */;
			path = KickboxingCombinations.xcdatamodeld;
			sourceTree = "<group>";
			versionGroupType = wrapper.xcdatamodel;
		};
/* End XCVersionGroup section */
	};
	rootObject = EB4BDFC61A79B34700C56F6B /* Project object */;
}
